// !$*UTF8*$!
{
	archiveVersion = 1;
	classes = {
	};
	objectVersion = 51;
	objects = {

/* Begin PBXBuildFile section */
		3250C7822439B8E400D9ECC2 /* LocationManager.swift in Sources */ = {isa = PBXBuildFile; fileRef = 3250C7812439B8E400D9ECC2 /* LocationManager.swift */; };
		3250C7842439BAC200D9ECC2 /* LocalNotificationManager.swift in Sources */ = {isa = PBXBuildFile; fileRef = 3250C7832439BAC200D9ECC2 /* LocalNotificationManager.swift */; };
		329907E4243ACCE900F93DA1 /* Define.swift in Sources */ = {isa = PBXBuildFile; fileRef = 329907E3243ACCE900F93DA1 /* Define.swift */; };
		329907EA243B1ED500F93DA1 /* UserInfoManager.swift in Sources */ = {isa = PBXBuildFile; fileRef = 329907E9243B1ED500F93DA1 /* UserInfoManager.swift */; };
		32A8F79D2431E10C00BF117B /* Logger.swift in Sources */ = {isa = PBXBuildFile; fileRef = 32A8F79C2431E10C00BF117B /* Logger.swift */; };
		32A8F79F2431F6C000BF117B /* AppDelegate+Notification.swift in Sources */ = {isa = PBXBuildFile; fileRef = 32A8F79E2431F6C000BF117B /* AppDelegate+Notification.swift */; };
		32B0F3422431DA5A00FF746C /* AppDelegate.swift in Sources */ = {isa = PBXBuildFile; fileRef = 32B0F3412431DA5A00FF746C /* AppDelegate.swift */; };
		32B0F3462431DA5A00FF746C /* ViewController.swift in Sources */ = {isa = PBXBuildFile; fileRef = 32B0F3452431DA5A00FF746C /* ViewController.swift */; };
		32B0F3492431DA5A00FF746C /* Main.storyboard in Resources */ = {isa = PBXBuildFile; fileRef = 32B0F3472431DA5A00FF746C /* Main.storyboard */; };
		32B0F34B2431DA6000FF746C /* Assets.xcassets in Resources */ = {isa = PBXBuildFile; fileRef = 32B0F34A2431DA6000FF746C /* Assets.xcassets */; };
		32B0F34E2431DA6000FF746C /* LaunchScreen.storyboard in Resources */ = {isa = PBXBuildFile; fileRef = 32B0F34C2431DA6000FF746C /* LaunchScreen.storyboard */; };
		32B0F3592431DA6100FF746C /* TrackingLocationTests.swift in Sources */ = {isa = PBXBuildFile; fileRef = 32B0F3582431DA6100FF746C /* TrackingLocationTests.swift */; };
		8D1C8B08B51AFB03B60D7DA7 /* Pods_TrackingLocationTests.framework in Frameworks */ = {isa = PBXBuildFile; fileRef = D1EBBA11FF29B172237C7404 /* Pods_TrackingLocationTests.framework */; };
		DF6518F2E82A3D074BCD7714 /* Pods_TrackingLocation.framework in Frameworks */ = {isa = PBXBuildFile; fileRef = 69D8580969DC234F37C3B999 /* Pods_TrackingLocation.framework */; };
/* End PBXBuildFile section */

/* Begin PBXContainerItemProxy section */
		32B0F3552431DA6100FF746C /* PBXContainerItemProxy */ = {
			isa = PBXContainerItemProxy;
			containerPortal = 32B0F3362431DA5A00FF746C /* Project object */;
			proxyType = 1;
			remoteGlobalIDString = 32B0F33D2431DA5A00FF746C;
			remoteInfo = TrackingLocation;
		};
/* End PBXContainerItemProxy section */

/* Begin PBXFileReference section */
		0294665BEC912F120CB2DA60 /* Pods-TrackingLocation.debug.xcconfig */ = {isa = PBXFileReference; includeInIndex = 1; lastKnownFileType = text.xcconfig; name = "Pods-TrackingLocation.debug.xcconfig"; path = "Target Support Files/Pods-TrackingLocation/Pods-TrackingLocation.debug.xcconfig"; sourceTree = "<group>"; };
		3218F0F124332A9E00961F2D /* current.gpx */ = {isa = PBXFileReference; lastKnownFileType = text.xml; path = current.gpx; sourceTree = "<group>"; };
		3250C7812439B8E400D9ECC2 /* LocationManager.swift */ = {isa = PBXFileReference; lastKnownFileType = sourcecode.swift; path = LocationManager.swift; sourceTree = "<group>"; };
		3250C7832439BAC200D9ECC2 /* LocalNotificationManager.swift */ = {isa = PBXFileReference; lastKnownFileType = sourcecode.swift; path = LocalNotificationManager.swift; sourceTree = "<group>"; };
		329907E3243ACCE900F93DA1 /* Define.swift */ = {isa = PBXFileReference; lastKnownFileType = sourcecode.swift; path = Define.swift; sourceTree = "<group>"; };
		329907E6243ADF4A00F93DA1 /* HaiChauPolygon.json */ = {isa = PBXFileReference; lastKnownFileType = text.json; path = HaiChauPolygon.json; sourceTree = "<group>"; };
		329907E7243AE04D00F93DA1 /* LienChieuPolygon.json */ = {isa = PBXFileReference; lastKnownFileType = text.json; path = LienChieuPolygon.json; sourceTree = "<group>"; };
		329907E9243B1ED500F93DA1 /* UserInfoManager.swift */ = {isa = PBXFileReference; lastKnownFileType = sourcecode.swift; path = UserInfoManager.swift; sourceTree = "<group>"; };
		32A8F79C2431E10C00BF117B /* Logger.swift */ = {isa = PBXFileReference; lastKnownFileType = sourcecode.swift; path = Logger.swift; sourceTree = "<group>"; };
		32A8F79E2431F6C000BF117B /* AppDelegate+Notification.swift */ = {isa = PBXFileReference; lastKnownFileType = sourcecode.swift; path = "AppDelegate+Notification.swift"; sourceTree = "<group>"; };
		32B0F33E2431DA5A00FF746C /* TrackingLocation.app */ = {isa = PBXFileReference; explicitFileType = wrapper.application; includeInIndex = 0; path = TrackingLocation.app; sourceTree = BUILT_PRODUCTS_DIR; };
		32B0F3412431DA5A00FF746C /* AppDelegate.swift */ = {isa = PBXFileReference; lastKnownFileType = sourcecode.swift; path = AppDelegate.swift; sourceTree = "<group>"; };
		32B0F3452431DA5A00FF746C /* ViewController.swift */ = {isa = PBXFileReference; lastKnownFileType = sourcecode.swift; path = ViewController.swift; sourceTree = "<group>"; };
		32B0F3482431DA5A00FF746C /* Base */ = {isa = PBXFileReference; lastKnownFileType = file.storyboard; name = Base; path = Base.lproj/Main.storyboard; sourceTree = "<group>"; };
		32B0F34A2431DA6000FF746C /* Assets.xcassets */ = {isa = PBXFileReference; lastKnownFileType = folder.assetcatalog; path = Assets.xcassets; sourceTree = "<group>"; };
		32B0F34D2431DA6000FF746C /* Base */ = {isa = PBXFileReference; lastKnownFileType = file.storyboard; name = Base; path = Base.lproj/LaunchScreen.storyboard; sourceTree = "<group>"; };
		32B0F34F2431DA6000FF746C /* Info.plist */ = {isa = PBXFileReference; lastKnownFileType = text.plist.xml; path = Info.plist; sourceTree = "<group>"; };
		32B0F3542431DA6100FF746C /* TrackingLocationTests.xctest */ = {isa = PBXFileReference; explicitFileType = wrapper.cfbundle; includeInIndex = 0; path = TrackingLocationTests.xctest; sourceTree = BUILT_PRODUCTS_DIR; };
		32B0F3582431DA6100FF746C /* TrackingLocationTests.swift */ = {isa = PBXFileReference; lastKnownFileType = sourcecode.swift; path = TrackingLocationTests.swift; sourceTree = "<group>"; };
		32B0F35A2431DA6100FF746C /* Info.plist */ = {isa = PBXFileReference; lastKnownFileType = text.plist.xml; path = Info.plist; sourceTree = "<group>"; };
		4578386D8DA145DE8A5508FA /* Pods-TrackingLocationTests.release.xcconfig */ = {isa = PBXFileReference; includeInIndex = 1; lastKnownFileType = text.xcconfig; name = "Pods-TrackingLocationTests.release.xcconfig"; path = "Target Support Files/Pods-TrackingLocationTests/Pods-TrackingLocationTests.release.xcconfig"; sourceTree = "<group>"; };
		69D8580969DC234F37C3B999 /* Pods_TrackingLocation.framework */ = {isa = PBXFileReference; explicitFileType = wrapper.framework; includeInIndex = 0; path = Pods_TrackingLocation.framework; sourceTree = BUILT_PRODUCTS_DIR; };
		7860ED2BABB6D6D784F89F71 /* Pods-TrackingLocationTests.debug.xcconfig */ = {isa = PBXFileReference; includeInIndex = 1; lastKnownFileType = text.xcconfig; name = "Pods-TrackingLocationTests.debug.xcconfig"; path = "Target Support Files/Pods-TrackingLocationTests/Pods-TrackingLocationTests.debug.xcconfig"; sourceTree = "<group>"; };
		D1EBBA11FF29B172237C7404 /* Pods_TrackingLocationTests.framework */ = {isa = PBXFileReference; explicitFileType = wrapper.framework; includeInIndex = 0; path = Pods_TrackingLocationTests.framework; sourceTree = BUILT_PRODUCTS_DIR; };
		E17F2E09FBF85FAB17AC5FAB /* Pods-TrackingLocation.release.xcconfig */ = {isa = PBXFileReference; includeInIndex = 1; lastKnownFileType = text.xcconfig; name = "Pods-TrackingLocation.release.xcconfig"; path = "Target Support Files/Pods-TrackingLocation/Pods-TrackingLocation.release.xcconfig"; sourceTree = "<group>"; };
/* End PBXFileReference section */

/* Begin PBXFrameworksBuildPhase section */
		32B0F33B2431DA5A00FF746C /* Frameworks */ = {
			isa = PBXFrameworksBuildPhase;
			buildActionMask = 2147483647;
			files = (
				DF6518F2E82A3D074BCD7714 /* Pods_TrackingLocation.framework in Frameworks */,
			);
			runOnlyForDeploymentPostprocessing = 0;
		};
		32B0F3512431DA6100FF746C /* Frameworks */ = {
			isa = PBXFrameworksBuildPhase;
			buildActionMask = 2147483647;
			files = (
				8D1C8B08B51AFB03B60D7DA7 /* Pods_TrackingLocationTests.framework in Frameworks */,
			);
			runOnlyForDeploymentPostprocessing = 0;
		};
/* End PBXFrameworksBuildPhase section */

/* Begin PBXGroup section */
		329907E8243B130F00F93DA1 /* Common */ = {
			isa = PBXGroup;
			children = (
				3250C7812439B8E400D9ECC2 /* LocationManager.swift */,
				3250C7832439BAC200D9ECC2 /* LocalNotificationManager.swift */,
				329907E3243ACCE900F93DA1 /* Define.swift */,
				329907E9243B1ED500F93DA1 /* UserInfoManager.swift */,
			);
			path = Common;
			sourceTree = "<group>";
		};
		32A8F7982431E0BB00BF117B /* Scenes */ = {
			isa = PBXGroup;
			children = (
				32B0F34C2431DA6000FF746C /* LaunchScreen.storyboard */,
				32B0F3452431DA5A00FF746C /* ViewController.swift */,
				32B0F3472431DA5A00FF746C /* Main.storyboard */,
			);
			path = Scenes;
			sourceTree = "<group>";
		};
		32A8F79A2431E0E500BF117B /* Resources */ = {
			isa = PBXGroup;
			children = (
				32B0F34A2431DA6000FF746C /* Assets.xcassets */,
				329907E6243ADF4A00F93DA1 /* HaiChauPolygon.json */,
				329907E7243AE04D00F93DA1 /* LienChieuPolygon.json */,
			);
			path = Resources;
			sourceTree = "<group>";
		};
		32A8F79B2431E0FB00BF117B /* Logger */ = {
			isa = PBXGroup;
			children = (
				32A8F79C2431E10C00BF117B /* Logger.swift */,
			);
			path = Logger;
			sourceTree = "<group>";
		};
		32B0F3352431DA5A00FF746C = {
			isa = PBXGroup;
			children = (
				32B0F3402431DA5A00FF746C /* TrackingLocation */,
				32B0F3572431DA6100FF746C /* TrackingLocationTests */,
				32B0F33F2431DA5A00FF746C /* Products */,
				83ECAC6C017F1D2E148E0016 /* Pods */,
				7B67F0C9DE9AB0A45DECC1C1 /* Frameworks */,
			);
			sourceTree = "<group>";
		};
		32B0F33F2431DA5A00FF746C /* Products */ = {
			isa = PBXGroup;
			children = (
				32B0F33E2431DA5A00FF746C /* TrackingLocation.app */,
				32B0F3542431DA6100FF746C /* TrackingLocationTests.xctest */,
			);
			name = Products;
			sourceTree = "<group>";
		};
		32B0F3402431DA5A00FF746C /* TrackingLocation */ = {
			isa = PBXGroup;
			children = (
				32B0F34F2431DA6000FF746C /* Info.plist */,
				3218F0F124332A9E00961F2D /* current.gpx */,
				329907E8243B130F00F93DA1 /* Common */,
				32A8F7982431E0BB00BF117B /* Scenes */,
				32B0F3632431DB0C00FF746C /* Application */,
				32A8F79B2431E0FB00BF117B /* Logger */,
				32A8F79A2431E0E500BF117B /* Resources */,
			);
			path = TrackingLocation;
			sourceTree = "<group>";
		};
		32B0F3572431DA6100FF746C /* TrackingLocationTests */ = {
			isa = PBXGroup;
			children = (
				32B0F3582431DA6100FF746C /* TrackingLocationTests.swift */,
				32B0F35A2431DA6100FF746C /* Info.plist */,
			);
			path = TrackingLocationTests;
			sourceTree = "<group>";
		};
		32B0F3632431DB0C00FF746C /* Application */ = {
			isa = PBXGroup;
			children = (
				32B0F3412431DA5A00FF746C /* AppDelegate.swift */,
				32A8F79E2431F6C000BF117B /* AppDelegate+Notification.swift */,
			);
			path = Application;
			sourceTree = "<group>";
		};
		7B67F0C9DE9AB0A45DECC1C1 /* Frameworks */ = {
			isa = PBXGroup;
			children = (
				69D8580969DC234F37C3B999 /* Pods_TrackingLocation.framework */,
				D1EBBA11FF29B172237C7404 /* Pods_TrackingLocationTests.framework */,
			);
			name = Frameworks;
			sourceTree = "<group>";
		};
		83ECAC6C017F1D2E148E0016 /* Pods */ = {
			isa = PBXGroup;
			children = (
				0294665BEC912F120CB2DA60 /* Pods-TrackingLocation.debug.xcconfig */,
				E17F2E09FBF85FAB17AC5FAB /* Pods-TrackingLocation.release.xcconfig */,
				7860ED2BABB6D6D784F89F71 /* Pods-TrackingLocationTests.debug.xcconfig */,
				4578386D8DA145DE8A5508FA /* Pods-TrackingLocationTests.release.xcconfig */,
			);
			path = Pods;
			sourceTree = "<group>";
		};
/* End PBXGroup section */

/* Begin PBXNativeTarget section */
		32B0F33D2431DA5A00FF746C /* TrackingLocation */ = {
			isa = PBXNativeTarget;
			buildConfigurationList = 32B0F35D2431DA6100FF746C /* Build configuration list for PBXNativeTarget "TrackingLocation" */;
			buildPhases = (
				6D1F35CB9821B8D39F247655 /* [CP] Check Pods Manifest.lock */,
				32B0F33A2431DA5A00FF746C /* Sources */,
				32B0F33B2431DA5A00FF746C /* Frameworks */,
				32B0F33C2431DA5A00FF746C /* Resources */,
				CD29595C7D344AAE04883D47 /* [CP] Copy Pods Resources */,
				38E45A72B1CFB3422A63747D /* [CP] Embed Pods Frameworks */,
			);
			buildRules = (
			);
			dependencies = (
			);
			name = TrackingLocation;
			productName = TrackingLocation;
			productReference = 32B0F33E2431DA5A00FF746C /* TrackingLocation.app */;
			productType = "com.apple.product-type.application";
		};
		32B0F3532431DA6100FF746C /* TrackingLocationTests */ = {
			isa = PBXNativeTarget;
			buildConfigurationList = 32B0F3602431DA6100FF746C /* Build configuration list for PBXNativeTarget "TrackingLocationTests" */;
			buildPhases = (
				78B67FC9DB7B75CB7D448BA0 /* [CP] Check Pods Manifest.lock */,
				32B0F3502431DA6100FF746C /* Sources */,
				32B0F3512431DA6100FF746C /* Frameworks */,
				32B0F3522431DA6100FF746C /* Resources */,
			);
			buildRules = (
			);
			dependencies = (
				32B0F3562431DA6100FF746C /* PBXTargetDependency */,
			);
			name = TrackingLocationTests;
			productName = TrackingLocationTests;
			productReference = 32B0F3542431DA6100FF746C /* TrackingLocationTests.xctest */;
			productType = "com.apple.product-type.bundle.unit-test";
		};
/* End PBXNativeTarget section */

/* Begin PBXProject section */
		32B0F3362431DA5A00FF746C /* Project object */ = {
			isa = PBXProject;
			attributes = {
				LastSwiftUpdateCheck = 1130;
				LastUpgradeCheck = 1130;
				ORGANIZATIONNAME = ThinhLe;
				TargetAttributes = {
					32B0F33D2431DA5A00FF746C = {
						CreatedOnToolsVersion = 11.3.1;
					};
					32B0F3532431DA6100FF746C = {
						CreatedOnToolsVersion = 11.3.1;
						TestTargetID = 32B0F33D2431DA5A00FF746C;
					};
				};
			};
			buildConfigurationList = 32B0F3392431DA5A00FF746C /* Build configuration list for PBXProject "TrackingLocation" */;
			compatibilityVersion = "Xcode 9.3";
			developmentRegion = en;
			hasScannedForEncodings = 0;
			knownRegions = (
				en,
				Base,
			);
			mainGroup = 32B0F3352431DA5A00FF746C;
			productRefGroup = 32B0F33F2431DA5A00FF746C /* Products */;
			projectDirPath = "";
			projectRoot = "";
			targets = (
				32B0F33D2431DA5A00FF746C /* TrackingLocation */,
				32B0F3532431DA6100FF746C /* TrackingLocationTests */,
			);
		};
/* End PBXProject section */

/* Begin PBXResourcesBuildPhase section */
		32B0F33C2431DA5A00FF746C /* Resources */ = {
			isa = PBXResourcesBuildPhase;
			buildActionMask = 2147483647;
			files = (
				32B0F34E2431DA6000FF746C /* LaunchScreen.storyboard in Resources */,
				32B0F34B2431DA6000FF746C /* Assets.xcassets in Resources */,
				32B0F3492431DA5A00FF746C /* Main.storyboard in Resources */,
			);
			runOnlyForDeploymentPostprocessing = 0;
		};
		32B0F3522431DA6100FF746C /* Resources */ = {
			isa = PBXResourcesBuildPhase;
			buildActionMask = 2147483647;
			files = (
			);
			runOnlyForDeploymentPostprocessing = 0;
		};
/* End PBXResourcesBuildPhase section */

/* Begin PBXShellScriptBuildPhase section */
		38E45A72B1CFB3422A63747D /* [CP] Embed Pods Frameworks */ = {
			isa = PBXShellScriptBuildPhase;
			buildActionMask = 2147483647;
			files = (
			);
			inputFileListPaths = (
				"${PODS_ROOT}/Target Support Files/Pods-TrackingLocation/Pods-TrackingLocation-frameworks-${CONFIGURATION}-input-files.xcfilelist",
			);
			name = "[CP] Embed Pods Frameworks";
			outputFileListPaths = (
				"${PODS_ROOT}/Target Support Files/Pods-TrackingLocation/Pods-TrackingLocation-frameworks-${CONFIGURATION}-output-files.xcfilelist",
			);
			runOnlyForDeploymentPostprocessing = 0;
			shellPath = /bin/sh;
			shellScript = "\"${PODS_ROOT}/Target Support Files/Pods-TrackingLocation/Pods-TrackingLocation-frameworks.sh\"\n";
			showEnvVarsInLog = 0;
		};
		6D1F35CB9821B8D39F247655 /* [CP] Check Pods Manifest.lock */ = {
			isa = PBXShellScriptBuildPhase;
			buildActionMask = 2147483647;
			files = (
			);
			inputFileListPaths = (
			);
			inputPaths = (
				"${PODS_PODFILE_DIR_PATH}/Podfile.lock",
				"${PODS_ROOT}/Manifest.lock",
			);
			name = "[CP] Check Pods Manifest.lock";
			outputFileListPaths = (
			);
			outputPaths = (
				"$(DERIVED_FILE_DIR)/Pods-TrackingLocation-checkManifestLockResult.txt",
			);
			runOnlyForDeploymentPostprocessing = 0;
			shellPath = /bin/sh;
			shellScript = "diff \"${PODS_PODFILE_DIR_PATH}/Podfile.lock\" \"${PODS_ROOT}/Manifest.lock\" > /dev/null\nif [ $? != 0 ] ; then\n    # print error to STDERR\n    echo \"error: The sandbox is not in sync with the Podfile.lock. Run 'pod install' or update your CocoaPods installation.\" >&2\n    exit 1\nfi\n# This output is used by Xcode 'outputs' to avoid re-running this script phase.\necho \"SUCCESS\" > \"${SCRIPT_OUTPUT_FILE_0}\"\n";
			showEnvVarsInLog = 0;
		};
		78B67FC9DB7B75CB7D448BA0 /* [CP] Check Pods Manifest.lock */ = {
			isa = PBXShellScriptBuildPhase;
			buildActionMask = 2147483647;
			files = (
			);
			inputFileListPaths = (
			);
			inputPaths = (
				"${PODS_PODFILE_DIR_PATH}/Podfile.lock",
				"${PODS_ROOT}/Manifest.lock",
			);
			name = "[CP] Check Pods Manifest.lock";
			outputFileListPaths = (
			);
			outputPaths = (
				"$(DERIVED_FILE_DIR)/Pods-TrackingLocationTests-checkManifestLockResult.txt",
			);
			runOnlyForDeploymentPostprocessing = 0;
			shellPath = /bin/sh;
			shellScript = "diff \"${PODS_PODFILE_DIR_PATH}/Podfile.lock\" \"${PODS_ROOT}/Manifest.lock\" > /dev/null\nif [ $? != 0 ] ; then\n    # print error to STDERR\n    echo \"error: The sandbox is not in sync with the Podfile.lock. Run 'pod install' or update your CocoaPods installation.\" >&2\n    exit 1\nfi\n# This output is used by Xcode 'outputs' to avoid re-running this script phase.\necho \"SUCCESS\" > \"${SCRIPT_OUTPUT_FILE_0}\"\n";
			showEnvVarsInLog = 0;
		};
		CD29595C7D344AAE04883D47 /* [CP] Copy Pods Resources */ = {
			isa = PBXShellScriptBuildPhase;
			buildActionMask = 2147483647;
			files = (
			);
			inputFileListPaths = (
				"${PODS_ROOT}/Target Support Files/Pods-TrackingLocation/Pods-TrackingLocation-resources-${CONFIGURATION}-input-files.xcfilelist",
			);
			name = "[CP] Copy Pods Resources";
			outputFileListPaths = (
				"${PODS_ROOT}/Target Support Files/Pods-TrackingLocation/Pods-TrackingLocation-resources-${CONFIGURATION}-output-files.xcfilelist",
			);
			runOnlyForDeploymentPostprocessing = 0;
			shellPath = /bin/sh;
			shellScript = "\"${PODS_ROOT}/Target Support Files/Pods-TrackingLocation/Pods-TrackingLocation-resources.sh\"\n";
			showEnvVarsInLog = 0;
		};
/* End PBXShellScriptBuildPhase section */

/* Begin PBXSourcesBuildPhase section */
		32B0F33A2431DA5A00FF746C /* Sources */ = {
			isa = PBXSourcesBuildPhase;
			buildActionMask = 2147483647;
			files = (
				3250C7842439BAC200D9ECC2 /* LocalNotificationManager.swift in Sources */,
				32A8F79F2431F6C000BF117B /* AppDelegate+Notification.swift in Sources */,
				3250C7822439B8E400D9ECC2 /* LocationManager.swift in Sources */,
				32B0F3462431DA5A00FF746C /* ViewController.swift in Sources */,
				32B0F3422431DA5A00FF746C /* AppDelegate.swift in Sources */,
				32A8F79D2431E10C00BF117B /* Logger.swift in Sources */,
				329907EA243B1ED500F93DA1 /* UserInfoManager.swift in Sources */,
				329907E4243ACCE900F93DA1 /* Define.swift in Sources */,
			);
			runOnlyForDeploymentPostprocessing = 0;
		};
		32B0F3502431DA6100FF746C /* Sources */ = {
			isa = PBXSourcesBuildPhase;
			buildActionMask = 2147483647;
			files = (
				32B0F3592431DA6100FF746C /* TrackingLocationTests.swift in Sources */,
			);
			runOnlyForDeploymentPostprocessing = 0;
		};
/* End PBXSourcesBuildPhase section */

/* Begin PBXTargetDependency section */
		32B0F3562431DA6100FF746C /* PBXTargetDependency */ = {
			isa = PBXTargetDependency;
			target = 32B0F33D2431DA5A00FF746C /* TrackingLocation */;
			targetProxy = 32B0F3552431DA6100FF746C /* PBXContainerItemProxy */;
		};
/* End PBXTargetDependency section */

/* Begin PBXVariantGroup section */
		32B0F3472431DA5A00FF746C /* Main.storyboard */ = {
			isa = PBXVariantGroup;
			children = (
				32B0F3482431DA5A00FF746C /* Base */,
			);
			name = Main.storyboard;
			sourceTree = "<group>";
		};
		32B0F34C2431DA6000FF746C /* LaunchScreen.storyboard */ = {
			isa = PBXVariantGroup;
			children = (
				32B0F34D2431DA6000FF746C /* Base */,
			);
			name = LaunchScreen.storyboard;
			sourceTree = "<group>";
		};
/* End PBXVariantGroup section */

/* Begin XCBuildConfiguration section */
		32B0F35B2431DA6100FF746C /* Debug */ = {
			isa = XCBuildConfiguration;
			buildSettings = {
				ALWAYS_SEARCH_USER_PATHS = NO;
				CLANG_ANALYZER_NONNULL = YES;
				CLANG_ANALYZER_NUMBER_OBJECT_CONVERSION = YES_AGGRESSIVE;
				CLANG_CXX_LANGUAGE_STANDARD = "gnu++14";
				CLANG_CXX_LIBRARY = "libc++";
				CLANG_ENABLE_MODULES = YES;
				CLANG_ENABLE_OBJC_ARC = YES;
				CLANG_ENABLE_OBJC_WEAK = YES;
				CLANG_WARN_BLOCK_CAPTURE_AUTORELEASING = YES;
				CLANG_WARN_BOOL_CONVERSION = YES;
				CLANG_WARN_COMMA = YES;
				CLANG_WARN_CONSTANT_CONVERSION = YES;
				CLANG_WARN_DEPRECATED_OBJC_IMPLEMENTATIONS = YES;
				CLANG_WARN_DIRECT_OBJC_ISA_USAGE = YES_ERROR;
				CLANG_WARN_DOCUMENTATION_COMMENTS = YES;
				CLANG_WARN_EMPTY_BODY = YES;
				CLANG_WARN_ENUM_CONVERSION = YES;
				CLANG_WARN_INFINITE_RECURSION = YES;
				CLANG_WARN_INT_CONVERSION = YES;
				CLANG_WARN_NON_LITERAL_NULL_CONVERSION = YES;
				CLANG_WARN_OBJC_IMPLICIT_RETAIN_SELF = YES;
				CLANG_WARN_OBJC_LITERAL_CONVERSION = YES;
				CLANG_WARN_OBJC_ROOT_CLASS = YES_ERROR;
				CLANG_WARN_RANGE_LOOP_ANALYSIS = YES;
				CLANG_WARN_STRICT_PROTOTYPES = YES;
				CLANG_WARN_SUSPICIOUS_MOVE = YES;
				CLANG_WARN_UNGUARDED_AVAILABILITY = YES_AGGRESSIVE;
				CLANG_WARN_UNREACHABLE_CODE = YES;
				CLANG_WARN__DUPLICATE_METHOD_MATCH = YES;
				COPY_PHASE_STRIP = NO;
				DEBUG_INFORMATION_FORMAT = dwarf;
				ENABLE_STRICT_OBJC_MSGSEND = YES;
				ENABLE_TESTABILITY = YES;
				GCC_C_LANGUAGE_STANDARD = gnu11;
				GCC_DYNAMIC_NO_PIC = NO;
				GCC_NO_COMMON_BLOCKS = YES;
				GCC_OPTIMIZATION_LEVEL = 0;
				GCC_PREPROCESSOR_DEFINITIONS = (
					"DEBUG=1",
					"$(inherited)",
				);
				GCC_WARN_64_TO_32_BIT_CONVERSION = YES;
				GCC_WARN_ABOUT_RETURN_TYPE = YES_ERROR;
				GCC_WARN_UNDECLARED_SELECTOR = YES;
				GCC_WARN_UNINITIALIZED_AUTOS = YES_AGGRESSIVE;
				GCC_WARN_UNUSED_FUNCTION = YES;
				GCC_WARN_UNUSED_VARIABLE = YES;
				IPHONEOS_DEPLOYMENT_TARGET = 13.2;
				MTL_ENABLE_DEBUG_INFO = INCLUDE_SOURCE;
				MTL_FAST_MATH = YES;
				ONLY_ACTIVE_ARCH = YES;
				SDKROOT = iphoneos;
				SWIFT_ACTIVE_COMPILATION_CONDITIONS = DEBUG;
				SWIFT_OPTIMIZATION_LEVEL = "-Onone";
			};
			name = Debug;
		};
		32B0F35C2431DA6100FF746C /* Release */ = {
			isa = XCBuildConfiguration;
			buildSettings = {
				ALWAYS_SEARCH_USER_PATHS = NO;
				CLANG_ANALYZER_NONNULL = YES;
				CLANG_ANALYZER_NUMBER_OBJECT_CONVERSION = YES_AGGRESSIVE;
				CLANG_CXX_LANGUAGE_STANDARD = "gnu++14";
				CLANG_CXX_LIBRARY = "libc++";
				CLANG_ENABLE_MODULES = YES;
				CLANG_ENABLE_OBJC_ARC = YES;
				CLANG_ENABLE_OBJC_WEAK = YES;
				CLANG_WARN_BLOCK_CAPTURE_AUTORELEASING = YES;
				CLANG_WARN_BOOL_CONVERSION = YES;
				CLANG_WARN_COMMA = YES;
				CLANG_WARN_CONSTANT_CONVERSION = YES;
				CLANG_WARN_DEPRECATED_OBJC_IMPLEMENTATIONS = YES;
				CLANG_WARN_DIRECT_OBJC_ISA_USAGE = YES_ERROR;
				CLANG_WARN_DOCUMENTATION_COMMENTS = YES;
				CLANG_WARN_EMPTY_BODY = YES;
				CLANG_WARN_ENUM_CONVERSION = YES;
				CLANG_WARN_INFINITE_RECURSION = YES;
				CLANG_WARN_INT_CONVERSION = YES;
				CLANG_WARN_NON_LITERAL_NULL_CONVERSION = YES;
				CLANG_WARN_OBJC_IMPLICIT_RETAIN_SELF = YES;
				CLANG_WARN_OBJC_LITERAL_CONVERSION = YES;
				CLANG_WARN_OBJC_ROOT_CLASS = YES_ERROR;
				CLANG_WARN_RANGE_LOOP_ANALYSIS = YES;
				CLANG_WARN_STRICT_PROTOTYPES = YES;
				CLANG_WARN_SUSPICIOUS_MOVE = YES;
				CLANG_WARN_UNGUARDED_AVAILABILITY = YES_AGGRESSIVE;
				CLANG_WARN_UNREACHABLE_CODE = YES;
				CLANG_WARN__DUPLICATE_METHOD_MATCH = YES;
				COPY_PHASE_STRIP = NO;
				DEBUG_INFORMATION_FORMAT = "dwarf-with-dsym";
				ENABLE_NS_ASSERTIONS = NO;
				ENABLE_STRICT_OBJC_MSGSEND = YES;
				GCC_C_LANGUAGE_STANDARD = gnu11;
				GCC_NO_COMMON_BLOCKS = YES;
				GCC_WARN_64_TO_32_BIT_CONVERSION = YES;
				GCC_WARN_ABOUT_RETURN_TYPE = YES_ERROR;
				GCC_WARN_UNDECLARED_SELECTOR = YES;
				GCC_WARN_UNINITIALIZED_AUTOS = YES_AGGRESSIVE;
				GCC_WARN_UNUSED_FUNCTION = YES;
				GCC_WARN_UNUSED_VARIABLE = YES;
				IPHONEOS_DEPLOYMENT_TARGET = 13.2;
				MTL_ENABLE_DEBUG_INFO = NO;
				MTL_FAST_MATH = YES;
				SDKROOT = iphoneos;
				SWIFT_COMPILATION_MODE = wholemodule;
				SWIFT_OPTIMIZATION_LEVEL = "-O";
				VALIDATE_PRODUCT = YES;
			};
			name = Release;
		};
		32B0F35E2431DA6100FF746C /* Debug */ = {
			isa = XCBuildConfiguration;
			baseConfigurationReference = 0294665BEC912F120CB2DA60 /* Pods-TrackingLocation.debug.xcconfig */;
			buildSettings = {
				ASSETCATALOG_COMPILER_APPICON_NAME = AppIcon;
				CODE_SIGN_STYLE = Automatic;
				DEVELOPMENT_TEAM = Z2S78UX6KB;
				INFOPLIST_FILE = TrackingLocation/Info.plist;
				IPHONEOS_DEPLOYMENT_TARGET = 10.0;
				LD_RUNPATH_SEARCH_PATHS = (
					"$(inherited)",
					"@executable_path/Frameworks",
				);
				PRODUCT_BUNDLE_IDENTIFIER = com.thinhle.TrackingLocation;
				PRODUCT_NAME = "$(TARGET_NAME)";
				SWIFT_VERSION = 5.0;
				TARGETED_DEVICE_FAMILY = "1,2";
			};
			name = Debug;
		};
		32B0F35F2431DA6100FF746C /* Release */ = {
			isa = XCBuildConfiguration;
			baseConfigurationReference = E17F2E09FBF85FAB17AC5FAB /* Pods-TrackingLocation.release.xcconfig */;
			buildSettings = {
				ASSETCATALOG_COMPILER_APPICON_NAME = AppIcon;
				CODE_SIGN_STYLE = Automatic;
				DEVELOPMENT_TEAM = Z2S78UX6KB;
				INFOPLIST_FILE = TrackingLocation/Info.plist;
				IPHONEOS_DEPLOYMENT_TARGET = 10.0;
				LD_RUNPATH_SEARCH_PATHS = (
					"$(inherited)",
					"@executable_path/Frameworks",
				);
				PRODUCT_BUNDLE_IDENTIFIER = com.thinhle.TrackingLocation;
				PRODUCT_NAME = "$(TARGET_NAME)";
				SWIFT_VERSION = 5.0;
				TARGETED_DEVICE_FAMILY = "1,2";
			};
			name = Release;
		};
		32B0F3612431DA6100FF746C /* Debug */ = {
			isa = XCBuildConfiguration;
			baseConfigurationReference = 7860ED2BABB6D6D784F89F71 /* Pods-TrackingLocationTests.debug.xcconfig */;
			buildSettings = {
				ALWAYS_EMBED_SWIFT_STANDARD_LIBRARIES = YES;
				BUNDLE_LOADER = "$(TEST_HOST)";
				CODE_SIGN_STYLE = Automatic;
				INFOPLIST_FILE = TrackingLocationTests/Info.plist;
				IPHONEOS_DEPLOYMENT_TARGET = 13.2;
				LD_RUNPATH_SEARCH_PATHS = (
					"$(inherited)",
					"@executable_path/Frameworks",
					"@loader_path/Frameworks",
				);
				PRODUCT_BUNDLE_IDENTIFIER = com.thinhle.TrackingLocationTests;
				PRODUCT_NAME = "$(TARGET_NAME)";
				SWIFT_VERSION = 5.0;
				TARGETED_DEVICE_FAMILY = "1,2";
				TEST_HOST = "$(BUILT_PRODUCTS_DIR)/TrackingLocation.app/TrackingLocation";
			};
			name = Debug;
		};
		32B0F3622431DA6100FF746C /* Release */ = {
			isa = XCBuildConfiguration;
			baseConfigurationReference = 4578386D8DA145DE8A5508FA /* Pods-TrackingLocationTests.release.xcconfig */;
			buildSettings = {
				ALWAYS_EMBED_SWIFT_STANDARD_LIBRARIES = YES;
				BUNDLE_LOADER = "$(TEST_HOST)";
				CODE_SIGN_STYLE = Automatic;
				INFOPLIST_FILE = TrackingLocationTests/Info.plist;
				IPHONEOS_DEPLOYMENT_TARGET = 13.2;
				LD_RUNPATH_SEARCH_PATHS = (
					"$(inherited)",
					"@executable_path/Frameworks",
					"@loader_path/Frameworks",
				);
				PRODUCT_BUNDLE_IDENTIFIER = com.thinhle.TrackingLocationTests;
				PRODUCT_NAME = "$(TARGET_NAME)";
				SWIFT_VERSION = 5.0;
				TARGETED_DEVICE_FAMILY = "1,2";
				TEST_HOST = "$(BUILT_PRODUCTS_DIR)/TrackingLocation.app/TrackingLocation";
			};
			name = Release;
		};
/* End XCBuildConfiguration section */

/* Begin XCConfigurationList section */
		32B0F3392431DA5A00FF746C /* Build configuration list for PBXProject "TrackingLocation" */ = {
			isa = XCConfigurationList;
			buildConfigurations = (
				32B0F35B2431DA6100FF746C /* Debug */,
				32B0F35C2431DA6100FF746C /* Release */,
			);
			defaultConfigurationIsVisible = 0;
			defaultConfigurationName = Release;
		};
		32B0F35D2431DA6100FF746C /* Build configuration list for PBXNativeTarget "TrackingLocation" */ = {
			isa = XCConfigurationList;
			buildConfigurations = (
				32B0F35E2431DA6100FF746C /* Debug */,
				32B0F35F2431DA6100FF746C /* Release */,
			);
			defaultConfigurationIsVisible = 0;
			defaultConfigurationName = Release;
		};
		32B0F3602431DA6100FF746C /* Build configuration list for PBXNativeTarget "TrackingLocationTests" */ = {
			isa = XCConfigurationList;
			buildConfigurations = (
				32B0F3612431DA6100FF746C /* Debug */,
				32B0F3622431DA6100FF746C /* Release */,
			);
			defaultConfigurationIsVisible = 0;
			defaultConfigurationName = Release;
		};
/* End XCConfigurationList section */
	};
	rootObject = 32B0F3362431DA5A00FF746C /* Project object */;
}
